
Microsoft Visual Studio Solution File, Format Version 12.00
# Visual Studio Version 17
VisualStudioVersion = 17.3.32825.248
MinimumVisualStudioVersion = 10.0.40219.1
Project("{9A19103F-16F7-4668-BE54-9A1E7A4F7556}") = "testcontainers-poc", "testcontainers-poc.csproj", "{662CC72E-20E7-49BE-8650-C9DD0397FF1A}"
EndProject
Global
	GlobalSection(SolutionConfigurationPlatforms) = preSolution
		Debug|Any CPU = Debug|Any CPU
		Release|Any CPU = Release|Any CPU
	EndGlobalSection
	GlobalSection(ProjectConfigurationPlatforms) = postSolution
		{662CC72E-20E7-49BE-8650-C9DD0397FF1A}.Debug|Any CPU.ActiveCfg = Debug|Any CPU
		{662CC72E-20E7-49BE-8650-C9DD0397FF1A}.Debug|Any CPU.Build.0 = Debug|Any CPU
		{662CC72E-20E7-49BE-8650-C9DD0397FF1A}.Release|Any CPU.ActiveCfg = Release|Any CPU
		{662CC72E-20E7-49BE-8650-C9DD0397FF1A}.Release|Any CPU.Build.0 = Release|Any CPU
	EndGlobalSection
	GlobalSection(SolutionProperties) = preSolution
		HideSolutionNode = FALSE
	EndGlobalSection
	GlobalSection(ExtensibilityGlobals) = postSolution
		SolutionGuid = {F4B60C78-B487-40E9-AC89-39FE635FC0DF}
	EndGlobalSection
EndGlobal
